
Microsoft Visual Studio Solution File, Format Version 12.00
# Visual Studio Version 17
VisualStudioVersion = 17.2.32516.85
MinimumVisualStudioVersion = 10.0.40219.1
Project("{FAE04EC0-301F-11D3-BF4B-00C04F79EFBC}") = "System_of_Equations_Solver", "System_of_Equations_Solver\System_of_Equations_Solver.csproj", "{B630564C-CEAB-44EB-9D18-DCF31FDFB11B}"
EndProject
Global
	GlobalSection(SolutionConfigurationPlatforms) = preSolution
		Debug|Any CPU = Debug|Any CPU
		Release|Any CPU = Release|Any CPU
	EndGlobalSection
	GlobalSection(ProjectConfigurationPlatforms) = postSolution
		{B630564C-CEAB-44EB-9D18-DCF31FDFB11B}.Debug|Any CPU.ActiveCfg = Debug|Any CPU
		{B630564C-CEAB-44EB-9D18-DCF31FDFB11B}.Debug|Any CPU.Build.0 = Debug|Any CPU
		{B630564C-CEAB-44EB-9D18-DCF31FDFB11B}.Release|Any CPU.ActiveCfg = Release|Any CPU
		{B630564C-CEAB-44EB-9D18-DCF31FDFB11B}.Release|Any CPU.Build.0 = Release|Any CPU
	EndGlobalSection
	GlobalSection(SolutionProperties) = preSolution
		HideSolutionNode = FALSE
	EndGlobalSection
	GlobalSection(ExtensibilityGlobals) = postSolution
		SolutionGuid = {69B7381C-B2E5-4E04-A31F-41189EE6C863}
	EndGlobalSection
EndGlobal
